# THIS IS AN AUTOGENERATED FILE. DO NOT EDIT THIS FILE DIRECTLY.
# yarn lockfile v1


"@popperjs/core@^2.9.3":
  "integrity" "sha512-xDu17cEfh7Kid/d95kB6tZsLOmSWKCZKtprnhVepjsSaCij+lM3mItSJDuuHDMbCWTh8Ejmebwb+KONcCJ0eXQ=="
  "resolved" "https://registry.yarnpkg.com/@popperjs/core/-/core-2.9.3.tgz"
  "version" "2.9.3"

"@rails/actioncable@^6.0.0":
  "integrity" "sha512-0LmSKJTuo2dL6BQ+9xxLnS9lbkyfz2mBGeBnQ2J7o9Bn0l0q+ZC6VuoZMZZXPvABI4QT7Nfknv5WhfKYL+boew=="
  "resolved" "https://registry.yarnpkg.com/@rails/actioncable/-/actioncable-6.1.4.tgz"
  "version" "6.1.4"

"@rails/activestorage@^6.0.0":
  "integrity" "sha512-1Tm8uaVBhLTDEG4YaFPvqguhjbUGSPVItm0CfkRpIFZIkybWzFAxatIrk4YVOOxB8ZdXS7GdeYa1qVwjdiDkgQ=="
  "resolved" "https://registry.yarnpkg.com/@rails/activestorage/-/activestorage-6.1.4.tgz"
  "version" "6.1.4"
  dependencies:
    "spark-md5" "^3.0.0"

"@rails/ujs@^6.0.0":
  "integrity" "sha512-O3lEzL5DYbxppMdsFSw36e4BHIlfz/xusynwXGv3l2lhSlvah41qviRpsoAlKXxl37nZAqK+UUF5cnGGK45Mfw=="
  "resolved" "https://registry.yarnpkg.com/@rails/ujs/-/ujs-6.1.4.tgz"
  "version" "6.1.4"

"bootstrap@^5.0.0-beta3":
  "integrity" "sha512-bs74WNI9BgBo3cEovmdMHikSKoXnDgA6VQjJ7TyTotU6L7d41ZyCEEelPwkYEzsG/Zjv3ie9IE3EMAje0W9Xew=="
  "resolved" "https://registry.yarnpkg.com/bootstrap/-/bootstrap-5.1.0.tgz"
  "version" "5.1.0"

"jquery-ui-dist@^1.12.1":
  "integrity" "sha1-XAgV08xvkP9fqvWyaKbiO0ypBPo="
  "resolved" "https://registry.yarnpkg.com/jquery-ui-dist/-/jquery-ui-dist-1.12.1.tgz"
  "version" "1.12.1"

"jquery-ujs@^1.2.3":
  "integrity" "sha512-59wvfx5vcCTHMeQT1/OwFiAj+UffLIwjRIoXdpO7Z7BCFGepzq9T9oLVeoItjTqjoXfUrHJvV7QU6pUR+UzOoA=="
  "resolved" "https://registry.npmjs.org/jquery-ujs/-/jquery-ujs-1.2.3.tgz"
  "version" "1.2.3"

"jquery@^3.6.0", "jquery@>=1.8.0":
  "integrity" "sha512-JVzAR/AjBvVt2BmYhxRCSYysDsPcssdmTFnzyLEts9qNwmjmu4JTAMYubEfwVOSwpQ1I1sKKFcxhZCI2buerfw=="
  "resolved" "https://registry.yarnpkg.com/jquery/-/jquery-3.6.0.tgz"
  "version" "3.6.0"

"popper.js@^1.16.1":
  "integrity" "sha512-Wb4p1J4zyFTbM+u6WuO4XstYx4Ky9Cewe4DWrel7B0w6VVICvPwdOpotjzcf6eD8TsckVnIMNONQyPIUFOUbCQ=="
  "resolved" "https://registry.yarnpkg.com/popper.js/-/popper.js-1.16.1.tgz"
  "version" "1.16.1"

"rails-ujs@^5.2.6":
  "integrity" "sha512-JpUq5RlA4p5XE69dz0ZOIkn1xXQn9H8VDXQJWuVPRtFBOFylWFriaDVpxFmdQuARPo4bm2l67uIMMBpX6KNY+g=="
  "resolved" "https://registry.npmjs.org/rails-ujs/-/rails-ujs-5.2.6.tgz"
  "version" "5.2.6"

"spark-md5@^3.0.0":
  "integrity" "sha512-0tF3AGSD1ppQeuffsLDIOWlKUd3lS92tFxcsrh5Pe3ZphhnoK+oXIBTzOAThZCiuINZLvpiLH/1VS1/ANEJVig=="
  "resolved" "https://registry.yarnpkg.com/spark-md5/-/spark-md5-3.0.1.tgz"
  "version" "3.0.1"

"turbolinks@^5.2.0":
  "integrity" "sha512-pMiez3tyBo6uRHFNNZoYMmrES/IaGgMhQQM+VFF36keryjb5ms0XkVpmKHkfW/4Vy96qiGW3K9bz0tF5sK9bBw=="
  "resolved" "https://registry.yarnpkg.com/turbolinks/-/turbolinks-5.2.0.tgz"
  "version" "5.2.0"
